{
  "name": "engine",
  "version": "1.0.0",
  "lockfileVersion": 3,
  "requires": true,
  "packages": {
    "": {
      "name": "engine",
      "version": "1.0.0",
      "license": "ISC",
      "dependencies": {
        "@gorules/zen-engine": "^0.10.1"
      }
    },
    "node_modules/@gorules/zen-engine": {
      "version": "0.10.1",
      "resolved": "https://registry.npmjs.org/@gorules/zen-engine/-/zen-engine-0.10.1.tgz",
      "integrity": "sha512-e2TCbgiFkDUi2RYeALpOsm3NB6IZlK01/VDToRcsImYsjx/HHdpNRQJfZFuqc4Y7HKb6lMUTH8sXo2Of++Qktw==",
      "engines": {
        "node": ">= 14"
      },
      "optionalDependencies": {
        "@gorules/zen-engine-darwin-arm64": "0.10.1",
        "@gorules/zen-engine-darwin-x64": "0.10.1",
        "@gorules/zen-engine-linux-arm64-gnu": "0.10.1",
        "@gorules/zen-engine-linux-x64-gnu": "0.10.1",
        "@gorules/zen-engine-win32-x64-msvc": "0.10.1"
      }
    },
    "node_modules/@gorules/zen-engine-darwin-arm64": {
      "version": "0.10.1",
      "resolved": "https://registry.npmjs.org/@gorules/zen-engine-darwin-arm64/-/zen-engine-darwin-arm64-0.10.1.tgz",
      "integrity": "sha512-8hStLEjPyXQLkHHkd0U939gbLay/hsOAVH7L9uAvGxsJHwftrHADhD916t1AvmWTs1VzbaT+l1+n7/vt85y7Cg==",
      "cpu": [
        "arm64"
      ],
      "optional": true,
      "os": [
        "darwin"
      ],
      "engines": {
        "node": ">= 14"
      }
    },
    "node_modules/@gorules/zen-engine-darwin-x64": {
      "version": "0.10.1",
      "resolved": "https://registry.npmjs.org/@gorules/zen-engine-darwin-x64/-/zen-engine-darwin-x64-0.10.1.tgz",
      "integrity": "sha512-IUpvxG3WbRsmMexK75vIVySCHZ6zCgpUkoQVF0X+RPN1zFpOPdnj2WB0wzDRyfbLaAdPebqp1ltTeIa7JLNbEA==",
      "cpu": [
        "x64"
      ],
      "optional": true,
      "os": [
        "darwin"
      ],
      "engines": {
        "node": ">= 14"
      }
    },
    "node_modules/@gorules/zen-engine-linux-arm64-gnu": {
      "version": "0.10.1",
      "resolved": "https://registry.npmjs.org/@gorules/zen-engine-linux-arm64-gnu/-/zen-engine-linux-arm64-gnu-0.10.1.tgz",
      "integrity": "sha512-cxvq4SSMrqEOzTWfZt/h8oNgpnCoL4VsPucRWH4IMsSPJKSGqgy2Ui2loW3MZo2fQA9y+yGAqOOvPa2x2vZIvw==",
      "cpu": [
        "arm64"
      ],
      "optional": true,
      "os": [
        "linux"
      ],
      "engines": {
        "node": ">= 14"
      }
    },
    "node_modules/@gorules/zen-engine-linux-x64-gnu": {
      "version": "0.10.1",
      "resolved": "https://registry.npmjs.org/@gorules/zen-engine-linux-x64-gnu/-/zen-engine-linux-x64-gnu-0.10.1.tgz",
      "integrity": "sha512-iI57C0CB5Je/e8PuGXT/mD1YrJ7b+FT2avJQObcx/HTPAH72ZM4aFesXSTxfrAceZr1DWziJY0AWy1Hk+wEqKw==",
      "cpu": [
        "x64"
      ],
      "optional": true,
      "os": [
        "linux"
      ],
      "engines": {
        "node": ">= 14"
      }
    },
    "node_modules/@gorules/zen-engine-win32-x64-msvc": {
      "version": "0.10.1",
      "resolved": "https://registry.npmjs.org/@gorules/zen-engine-win32-x64-msvc/-/zen-engine-win32-x64-msvc-0.10.1.tgz",
      "integrity": "sha512-m8N5l6vMLUeLqa5+sFFJ6SYwxPGEnm4Q3pUekU0U5xRsjIDRp/AiqaUq5WKeQvbGhcd/h0+ETPc4G9shmcNFmA==",
      "cpu": [
        "x64"
      ],
      "optional": true,
      "os": [
        "win32"
      ],
      "engines": {
        "node": ">= 14"
      }
    }
  }
}
